// !$*UTF8*$!
{
	archiveVersion = 1;
	classes = {
	};
	objectVersion = 50;
	objects = {

/* Begin PBXBuildFile section */
		B601BBA82475155C00A0A37B /* AppDelegate.swift in Sources */ = {isa = PBXBuildFile; fileRef = B601BBA72475155C00A0A37B /* AppDelegate.swift */; };
		B601BBAA2475155C00A0A37B /* SceneDelegate.swift in Sources */ = {isa = PBXBuildFile; fileRef = B601BBA92475155C00A0A37B /* SceneDelegate.swift */; };
		B601BBAC2475155C00A0A37B /* ViewController.swift in Sources */ = {isa = PBXBuildFile; fileRef = B601BBAB2475155C00A0A37B /* ViewController.swift */; };
		B601BBAF2475155C00A0A37B /* Main.storyboard in Resources */ = {isa = PBXBuildFile; fileRef = B601BBAD2475155C00A0A37B /* Main.storyboard */; };
		B601BBB22475155D00A0A37B /* DemoGitFirst.xcdatamodeld in Sources */ = {isa = PBXBuildFile; fileRef = B601BBB02475155D00A0A37B /* DemoGitFirst.xcdatamodeld */; };
		B601BBB42475156100A0A37B /* Assets.xcassets in Resources */ = {isa = PBXBuildFile; fileRef = B601BBB32475156100A0A37B /* Assets.xcassets */; };
		B601BBB72475156100A0A37B /* LaunchScreen.storyboard in Resources */ = {isa = PBXBuildFile; fileRef = B601BBB52475156100A0A37B /* LaunchScreen.storyboard */; };
		B601BBC22475156200A0A37B /* DemoGitFirstTests.swift in Sources */ = {isa = PBXBuildFile; fileRef = B601BBC12475156200A0A37B /* DemoGitFirstTests.swift */; };
		B601BBCD2475156200A0A37B /* DemoGitFirstUITests.swift in Sources */ = {isa = PBXBuildFile; fileRef = B601BBCC2475156200A0A37B /* DemoGitFirstUITests.swift */; };
		B66945B42475186A004F2328 /* aaaaaViewController.swift in Sources */ = {isa = PBXBuildFile; fileRef = B66945B32475186A004F2328 /* aaaaaViewController.swift */; };
		B6DDB85424751DD60099FE67 /* bbbbbbViewController.swift in Sources */ = {isa = PBXBuildFile; fileRef = B6DDB85324751DD60099FE67 /* bbbbbbViewController.swift */; };
/* End PBXBuildFile section */

/* Begin PBXContainerItemProxy section */
		B601BBBE2475156200A0A37B /* PBXContainerItemProxy */ = {
			isa = PBXContainerItemProxy;
			containerPortal = B601BB9C2475155C00A0A37B /* Project object */;
			proxyType = 1;
			remoteGlobalIDString = B601BBA32475155C00A0A37B;
			remoteInfo = DemoGitFirst;
		};
		B601BBC92475156200A0A37B /* PBXContainerItemProxy */ = {
			isa = PBXContainerItemProxy;
			containerPortal = B601BB9C2475155C00A0A37B /* Project object */;
			proxyType = 1;
			remoteGlobalIDString = B601BBA32475155C00A0A37B;
			remoteInfo = DemoGitFirst;
		};
/* End PBXContainerItemProxy section */

/* Begin PBXFileReference section */
		B601BBA42475155C00A0A37B /* DemoGitFirst.app */ = {isa = PBXFileReference; explicitFileType = wrapper.application; includeInIndex = 0; path = DemoGitFirst.app; sourceTree = BUILT_PRODUCTS_DIR; };
		B601BBA72475155C00A0A37B /* AppDelegate.swift */ = {isa = PBXFileReference; lastKnownFileType = sourcecode.swift; path = AppDelegate.swift; sourceTree = "<group>"; };
		B601BBA92475155C00A0A37B /* SceneDelegate.swift */ = {isa = PBXFileReference; lastKnownFileType = sourcecode.swift; path = SceneDelegate.swift; sourceTree = "<group>"; };
		B601BBAB2475155C00A0A37B /* ViewController.swift */ = {isa = PBXFileReference; lastKnownFileType = sourcecode.swift; path = ViewController.swift; sourceTree = "<group>"; };
		B601BBAE2475155C00A0A37B /* Base */ = {isa = PBXFileReference; lastKnownFileType = file.storyboard; name = Base; path = Base.lproj/Main.storyboard; sourceTree = "<group>"; };
		B601BBB12475155D00A0A37B /* DemoGitFirst.xcdatamodel */ = {isa = PBXFileReference; lastKnownFileType = wrapper.xcdatamodel; path = DemoGitFirst.xcdatamodel; sourceTree = "<group>"; };
		B601BBB32475156100A0A37B /* Assets.xcassets */ = {isa = PBXFileReference; lastKnownFileType = folder.assetcatalog; path = Assets.xcassets; sourceTree = "<group>"; };
		B601BBB62475156100A0A37B /* Base */ = {isa = PBXFileReference; lastKnownFileType = file.storyboard; name = Base; path = Base.lproj/LaunchScreen.storyboard; sourceTree = "<group>"; };
		B601BBB82475156100A0A37B /* Info.plist */ = {isa = PBXFileReference; lastKnownFileType = text.plist.xml; path = Info.plist; sourceTree = "<group>"; };
		B601BBBD2475156200A0A37B /* DemoGitFirstTests.xctest */ = {isa = PBXFileReference; explicitFileType = wrapper.cfbundle; includeInIndex = 0; path = DemoGitFirstTests.xctest; sourceTree = BUILT_PRODUCTS_DIR; };
		B601BBC12475156200A0A37B /* DemoGitFirstTests.swift */ = {isa = PBXFileReference; lastKnownFileType = sourcecode.swift; path = DemoGitFirstTests.swift; sourceTree = "<group>"; };
		B601BBC32475156200A0A37B /* Info.plist */ = {isa = PBXFileReference; lastKnownFileType = text.plist.xml; path = Info.plist; sourceTree = "<group>"; };
		B601BBC82475156200A0A37B /* DemoGitFirstUITests.xctest */ = {isa = PBXFileReference; explicitFileType = wrapper.cfbundle; includeInIndex = 0; path = DemoGitFirstUITests.xctest; sourceTree = BUILT_PRODUCTS_DIR; };
		B601BBCC2475156200A0A37B /* DemoGitFirstUITests.swift */ = {isa = PBXFileReference; lastKnownFileType = sourcecode.swift; path = DemoGitFirstUITests.swift; sourceTree = "<group>"; };
		B601BBCE2475156200A0A37B /* Info.plist */ = {isa = PBXFileReference; lastKnownFileType = text.plist.xml; path = Info.plist; sourceTree = "<group>"; };
		B66945B32475186A004F2328 /* aaaaaViewController.swift */ = {isa = PBXFileReference; lastKnownFileType = sourcecode.swift; path = aaaaaViewController.swift; sourceTree = "<group>"; };
		B6DDB85324751DD60099FE67 /* bbbbbbViewController.swift */ = {isa = PBXFileReference; lastKnownFileType = sourcecode.swift; path = bbbbbbViewController.swift; sourceTree = "<group>"; };
/* End PBXFileReference section */

/* Begin PBXFrameworksBuildPhase section */
		B601BBA12475155C00A0A37B /* Frameworks */ = {
			isa = PBXFrameworksBuildPhase;
			buildActionMask = 2147483647;
			files = (
			);
			runOnlyForDeploymentPostprocessing = 0;
		};
		B601BBBA2475156200A0A37B /* Frameworks */ = {
			isa = PBXFrameworksBuildPhase;
			buildActionMask = 2147483647;
			files = (
			);
			runOnlyForDeploymentPostprocessing = 0;
		};
		B601BBC52475156200A0A37B /* Frameworks */ = {
			isa = PBXFrameworksBuildPhase;
			buildActionMask = 2147483647;
			files = (
			);
			runOnlyForDeploymentPostprocessing = 0;
		};
/* End PBXFrameworksBuildPhase section */

/* Begin PBXGroup section */
		B601BB9B2475155C00A0A37B = {
			isa = PBXGroup;
			children = (
				B601BBA62475155C00A0A37B /* DemoGitFirst */,
				B601BBC02475156200A0A37B /* DemoGitFirstTests */,
				B601BBCB2475156200A0A37B /* DemoGitFirstUITests */,
				B601BBA52475155C00A0A37B /* Products */,
			);
			sourceTree = "<group>";
		};
		B601BBA52475155C00A0A37B /* Products */ = {
			isa = PBXGroup;
			children = (
				B601BBA42475155C00A0A37B /* DemoGitFirst.app */,
				B601BBBD2475156200A0A37B /* DemoGitFirstTests.xctest */,
				B601BBC82475156200A0A37B /* DemoGitFirstUITests.xctest */,
			);
			name = Products;
			sourceTree = "<group>";
		};
		B601BBA62475155C00A0A37B /* DemoGitFirst */ = {
			isa = PBXGroup;
			children = (
				B601BBA72475155C00A0A37B /* AppDelegate.swift */,
				B601BBA92475155C00A0A37B /* SceneDelegate.swift */,
				B601BBAB2475155C00A0A37B /* ViewController.swift */,
				B601BBAD2475155C00A0A37B /* Main.storyboard */,
				B601BBB32475156100A0A37B /* Assets.xcassets */,
				B601BBB52475156100A0A37B /* LaunchScreen.storyboard */,
				B601BBB82475156100A0A37B /* Info.plist */,
				B601BBB02475155D00A0A37B /* DemoGitFirst.xcdatamodeld */,
				B66945B32475186A004F2328 /* aaaaaViewController.swift */,
				B6DDB85324751DD60099FE67 /* bbbbbbViewController.swift */,
			);
			path = DemoGitFirst;
			sourceTree = "<group>";
		};
		B601BBC02475156200A0A37B /* DemoGitFirstTests */ = {
			isa = PBXGroup;
			children = (
				B601BBC12475156200A0A37B /* DemoGitFirstTests.swift */,
				B601BBC32475156200A0A37B /* Info.plist */,
			);
			path = DemoGitFirstTests;
			sourceTree = "<group>";
		};
		B601BBCB2475156200A0A37B /* DemoGitFirstUITests */ = {
			isa = PBXGroup;
			children = (
				B601BBCC2475156200A0A37B /* DemoGitFirstUITests.swift */,
				B601BBCE2475156200A0A37B /* Info.plist */,
			);
			path = DemoGitFirstUITests;
			sourceTree = "<group>";
		};
/* End PBXGroup section */

/* Begin PBXNativeTarget section */
		B601BBA32475155C00A0A37B /* DemoGitFirst */ = {
			isa = PBXNativeTarget;
			buildConfigurationList = B601BBD12475156200A0A37B /* Build configuration list for PBXNativeTarget "DemoGitFirst" */;
			buildPhases = (
				B601BBA02475155C00A0A37B /* Sources */,
				B601BBA12475155C00A0A37B /* Frameworks */,
				B601BBA22475155C00A0A37B /* Resources */,
			);
			buildRules = (
			);
			dependencies = (
			);
			name = DemoGitFirst;
			productName = DemoGitFirst;
			productReference = B601BBA42475155C00A0A37B /* DemoGitFirst.app */;
			productType = "com.apple.product-type.application";
		};
		B601BBBC2475156200A0A37B /* DemoGitFirstTests */ = {
			isa = PBXNativeTarget;
			buildConfigurationList = B601BBD42475156200A0A37B /* Build configuration list for PBXNativeTarget "DemoGitFirstTests" */;
			buildPhases = (
				B601BBB92475156200A0A37B /* Sources */,
				B601BBBA2475156200A0A37B /* Frameworks */,
				B601BBBB2475156200A0A37B /* Resources */,
			);
			buildRules = (
			);
			dependencies = (
				B601BBBF2475156200A0A37B /* PBXTargetDependency */,
			);
			name = DemoGitFirstTests;
			productName = DemoGitFirstTests;
			productReference = B601BBBD2475156200A0A37B /* DemoGitFirstTests.xctest */;
			productType = "com.apple.product-type.bundle.unit-test";
		};
		B601BBC72475156200A0A37B /* DemoGitFirstUITests */ = {
			isa = PBXNativeTarget;
			buildConfigurationList = B601BBD72475156200A0A37B /* Build configuration list for PBXNativeTarget "DemoGitFirstUITests" */;
			buildPhases = (
				B601BBC42475156200A0A37B /* Sources */,
				B601BBC52475156200A0A37B /* Frameworks */,
				B601BBC62475156200A0A37B /* Resources */,
			);
			buildRules = (
			);
			dependencies = (
				B601BBCA2475156200A0A37B /* PBXTargetDependency */,
			);
			name = DemoGitFirstUITests;
			productName = DemoGitFirstUITests;
			productReference = B601BBC82475156200A0A37B /* DemoGitFirstUITests.xctest */;
			productType = "com.apple.product-type.bundle.ui-testing";
		};
/* End PBXNativeTarget section */

/* Begin PBXProject section */
		B601BB9C2475155C00A0A37B /* Project object */ = {
			isa = PBXProject;
			attributes = {
				LastSwiftUpdateCheck = 1100;
				LastUpgradeCheck = 1100;
				ORGANIZATIONNAME = snehil;
				TargetAttributes = {
					B601BBA32475155C00A0A37B = {
						CreatedOnToolsVersion = 11.0;
					};
					B601BBBC2475156200A0A37B = {
						CreatedOnToolsVersion = 11.0;
						TestTargetID = B601BBA32475155C00A0A37B;
					};
					B601BBC72475156200A0A37B = {
						CreatedOnToolsVersion = 11.0;
						TestTargetID = B601BBA32475155C00A0A37B;
					};
				};
			};
			buildConfigurationList = B601BB9F2475155C00A0A37B /* Build configuration list for PBXProject "DemoGitFirst" */;
			compatibilityVersion = "Xcode 9.3";
			developmentRegion = en;
			hasScannedForEncodings = 0;
			knownRegions = (
				en,
				Base,
			);
			mainGroup = B601BB9B2475155C00A0A37B;
			productRefGroup = B601BBA52475155C00A0A37B /* Products */;
			projectDirPath = "";
			projectRoot = "";
			targets = (
				B601BBA32475155C00A0A37B /* DemoGitFirst */,
				B601BBBC2475156200A0A37B /* DemoGitFirstTests */,
				B601BBC72475156200A0A37B /* DemoGitFirstUITests */,
			);
		};
/* End PBXProject section */

/* Begin PBXResourcesBuildPhase section */
		B601BBA22475155C00A0A37B /* Resources */ = {
			isa = PBXResourcesBuildPhase;
			buildActionMask = 2147483647;
			files = (
				B601BBB72475156100A0A37B /* LaunchScreen.storyboard in Resources */,
				B601BBB42475156100A0A37B /* Assets.xcassets in Resources */,
				B601BBAF2475155C00A0A37B /* Main.storyboard in Resources */,
			);
			runOnlyForDeploymentPostprocessing = 0;
		};
		B601BBBB2475156200A0A37B /* Resources */ = {
			isa = PBXResourcesBuildPhase;
			buildActionMask = 2147483647;
			files = (
			);
			runOnlyForDeploymentPostprocessing = 0;
		};
		B601BBC62475156200A0A37B /* Resources */ = {
			isa = PBXResourcesBuildPhase;
			buildActionMask = 2147483647;
			files = (
			);
			runOnlyForDeploymentPostprocessing = 0;
		};
/* End PBXResourcesBuildPhase section */

/* Begin PBXSourcesBuildPhase section */
		B601BBA02475155C00A0A37B /* Sources */ = {
			isa = PBXSourcesBuildPhase;
			buildActionMask = 2147483647;
			files = (
				B601BBAC2475155C00A0A37B /* ViewController.swift in Sources */,
				B601BBA82475155C00A0A37B /* AppDelegate.swift in Sources */,
				B6DDB85424751DD60099FE67 /* bbbbbbViewController.swift in Sources */,
				B601BBB22475155D00A0A37B /* DemoGitFirst.xcdatamodeld in Sources */,
				B66945B42475186A004F2328 /* aaaaaViewController.swift in Sources */,
				B601BBAA2475155C00A0A37B /* SceneDelegate.swift in Sources */,
			);
			runOnlyForDeploymentPostprocessing = 0;
		};
		B601BBB92475156200A0A37B /* Sources */ = {
			isa = PBXSourcesBuildPhase;
			buildActionMask = 2147483647;
			files = (
				B601BBC22475156200A0A37B /* DemoGitFirstTests.swift in Sources */,
			);
			runOnlyForDeploymentPostprocessing = 0;
		};
		B601BBC42475156200A0A37B /* Sources */ = {
			isa = PBXSourcesBuildPhase;
			buildActionMask = 2147483647;
			files = (
				B601BBCD2475156200A0A37B /* DemoGitFirstUITests.swift in Sources */,
			);
			runOnlyForDeploymentPostprocessing = 0;
		};
/* End PBXSourcesBuildPhase section */

/* Begin PBXTargetDependency section */
		B601BBBF2475156200A0A37B /* PBXTargetDependency */ = {
			isa = PBXTargetDependency;
			target = B601BBA32475155C00A0A37B /* DemoGitFirst */;
			targetProxy = B601BBBE2475156200A0A37B /* PBXContainerItemProxy */;
		};
		B601BBCA2475156200A0A37B /* PBXTargetDependency */ = {
			isa = PBXTargetDependency;
			target = B601BBA32475155C00A0A37B /* DemoGitFirst */;
			targetProxy = B601BBC92475156200A0A37B /* PBXContainerItemProxy */;
		};
/* End PBXTargetDependency section */

/* Begin PBXVariantGroup section */
		B601BBAD2475155C00A0A37B /* Main.storyboard */ = {
			isa = PBXVariantGroup;
			children = (
				B601BBAE2475155C00A0A37B /* Base */,
			);
			name = Main.storyboard;
			sourceTree = "<group>";
		};
		B601BBB52475156100A0A37B /* LaunchScreen.storyboard */ = {
			isa = PBXVariantGroup;
			children = (
				B601BBB62475156100A0A37B /* Base */,
			);
			name = LaunchScreen.storyboard;
			sourceTree = "<group>";
		};
/* End PBXVariantGroup section */

/* Begin XCBuildConfiguration section */
		B601BBCF2475156200A0A37B /* Debug */ = {
			isa = XCBuildConfiguration;
			buildSettings = {
				ALWAYS_SEARCH_USER_PATHS = NO;
				CLANG_ANALYZER_NONNULL = YES;
				CLANG_ANALYZER_NUMBER_OBJECT_CONVERSION = YES_AGGRESSIVE;
				CLANG_CXX_LANGUAGE_STANDARD = "gnu++14";
				CLANG_CXX_LIBRARY = "libc++";
				CLANG_ENABLE_MODULES = YES;
				CLANG_ENABLE_OBJC_ARC = YES;
				CLANG_ENABLE_OBJC_WEAK = YES;
				CLANG_WARN_BLOCK_CAPTURE_AUTORELEASING = YES;
				CLANG_WARN_BOOL_CONVERSION = YES;
				CLANG_WARN_COMMA = YES;
				CLANG_WARN_CONSTANT_CONVERSION = YES;
				CLANG_WARN_DEPRECATED_OBJC_IMPLEMENTATIONS = YES;
				CLANG_WARN_DIRECT_OBJC_ISA_USAGE = YES_ERROR;
				CLANG_WARN_DOCUMENTATION_COMMENTS = YES;
				CLANG_WARN_EMPTY_BODY = YES;
				CLANG_WARN_ENUM_CONVERSION = YES;
				CLANG_WARN_INFINITE_RECURSION = YES;
				CLANG_WARN_INT_CONVERSION = YES;
				CLANG_WARN_NON_LITERAL_NULL_CONVERSION = YES;
				CLANG_WARN_OBJC_IMPLICIT_RETAIN_SELF = YES;
				CLANG_WARN_OBJC_LITERAL_CONVERSION = YES;
				CLANG_WARN_OBJC_ROOT_CLASS = YES_ERROR;
				CLANG_WARN_RANGE_LOOP_ANALYSIS = YES;
				CLANG_WARN_STRICT_PROTOTYPES = YES;
				CLANG_WARN_SUSPICIOUS_MOVE = YES;
				CLANG_WARN_UNGUARDED_AVAILABILITY = YES_AGGRESSIVE;
				CLANG_WARN_UNREACHABLE_CODE = YES;
				CLANG_WARN__DUPLICATE_METHOD_MATCH = YES;
				COPY_PHASE_STRIP = NO;
				DEBUG_INFORMATION_FORMAT = dwarf;
				ENABLE_STRICT_OBJC_MSGSEND = YES;
				ENABLE_TESTABILITY = YES;
				GCC_C_LANGUAGE_STANDARD = gnu11;
				GCC_DYNAMIC_NO_PIC = NO;
				GCC_NO_COMMON_BLOCKS = YES;
				GCC_OPTIMIZATION_LEVEL = 0;
				GCC_PREPROCESSOR_DEFINITIONS = (
					"DEBUG=1",
					"$(inherited)",
				);
				GCC_WARN_64_TO_32_BIT_CONVERSION = YES;
				GCC_WARN_ABOUT_RETURN_TYPE = YES_ERROR;
				GCC_WARN_UNDECLARED_SELECTOR = YES;
				GCC_WARN_UNINITIALIZED_AUTOS = YES_AGGRESSIVE;
				GCC_WARN_UNUSED_FUNCTION = YES;
				GCC_WARN_UNUSED_VARIABLE = YES;
				IPHONEOS_DEPLOYMENT_TARGET = 13.0;
				MTL_ENABLE_DEBUG_INFO = INCLUDE_SOURCE;
				MTL_FAST_MATH = YES;
				ONLY_ACTIVE_ARCH = YES;
				SDKROOT = iphoneos;
				SWIFT_ACTIVE_COMPILATION_CONDITIONS = DEBUG;
				SWIFT_OPTIMIZATION_LEVEL = "-Onone";
			};
			name = Debug;
		};
		B601BBD02475156200A0A37B /* Release */ = {
			isa = XCBuildConfiguration;
			buildSettings = {
				ALWAYS_SEARCH_USER_PATHS = NO;
				CLANG_ANALYZER_NONNULL = YES;
				CLANG_ANALYZER_NUMBER_OBJECT_CONVERSION = YES_AGGRESSIVE;
				CLANG_CXX_LANGUAGE_STANDARD = "gnu++14";
				CLANG_CXX_LIBRARY = "libc++";
				CLANG_ENABLE_MODULES = YES;
				CLANG_ENABLE_OBJC_ARC = YES;
				CLANG_ENABLE_OBJC_WEAK = YES;
				CLANG_WARN_BLOCK_CAPTURE_AUTORELEASING = YES;
				CLANG_WARN_BOOL_CONVERSION = YES;
				CLANG_WARN_COMMA = YES;
				CLANG_WARN_CONSTANT_CONVERSION = YES;
				CLANG_WARN_DEPRECATED_OBJC_IMPLEMENTATIONS = YES;
				CLANG_WARN_DIRECT_OBJC_ISA_USAGE = YES_ERROR;
				CLANG_WARN_DOCUMENTATION_COMMENTS = YES;
				CLANG_WARN_EMPTY_BODY = YES;
				CLANG_WARN_ENUM_CONVERSION = YES;
				CLANG_WARN_INFINITE_RECURSION = YES;
				CLANG_WARN_INT_CONVERSION = YES;
				CLANG_WARN_NON_LITERAL_NULL_CONVERSION = YES;
				CLANG_WARN_OBJC_IMPLICIT_RETAIN_SELF = YES;
				CLANG_WARN_OBJC_LITERAL_CONVERSION = YES;
				CLANG_WARN_OBJC_ROOT_CLASS = YES_ERROR;
				CLANG_WARN_RANGE_LOOP_ANALYSIS = YES;
				CLANG_WARN_STRICT_PROTOTYPES = YES;
				CLANG_WARN_SUSPICIOUS_MOVE = YES;
				CLANG_WARN_UNGUARDED_AVAILABILITY = YES_AGGRESSIVE;
				CLANG_WARN_UNREACHABLE_CODE = YES;
				CLANG_WARN__DUPLICATE_METHOD_MATCH = YES;
				COPY_PHASE_STRIP = NO;
				DEBUG_INFORMATION_FORMAT = "dwarf-with-dsym";
				ENABLE_NS_ASSERTIONS = NO;
				ENABLE_STRICT_OBJC_MSGSEND = YES;
				GCC_C_LANGUAGE_STANDARD = gnu11;
				GCC_NO_COMMON_BLOCKS = YES;
				GCC_WARN_64_TO_32_BIT_CONVERSION = YES;
				GCC_WARN_ABOUT_RETURN_TYPE = YES_ERROR;
				GCC_WARN_UNDECLARED_SELECTOR = YES;
				GCC_WARN_UNINITIALIZED_AUTOS = YES_AGGRESSIVE;
				GCC_WARN_UNUSED_FUNCTION = YES;
				GCC_WARN_UNUSED_VARIABLE = YES;
				IPHONEOS_DEPLOYMENT_TARGET = 13.0;
				MTL_ENABLE_DEBUG_INFO = NO;
				MTL_FAST_MATH = YES;
				SDKROOT = iphoneos;
				SWIFT_COMPILATION_MODE = wholemodule;
				SWIFT_OPTIMIZATION_LEVEL = "-O";
				VALIDATE_PRODUCT = YES;
			};
			name = Release;
		};
		B601BBD22475156200A0A37B /* Debug */ = {
			isa = XCBuildConfiguration;
			buildSettings = {
				ASSETCATALOG_COMPILER_APPICON_NAME = AppIcon;
				CODE_SIGN_STYLE = Automatic;
				INFOPLIST_FILE = DemoGitFirst/Info.plist;
				LD_RUNPATH_SEARCH_PATHS = (
					"$(inherited)",
					"@executable_path/Frameworks",
				);
				PRODUCT_BUNDLE_IDENTIFIER = Swint.DemoGitFirst;
				PRODUCT_NAME = "$(TARGET_NAME)";
				SWIFT_VERSION = 5.0;
				TARGETED_DEVICE_FAMILY = "1,2";
			};
			name = Debug;
		};
		B601BBD32475156200A0A37B /* Release */ = {
			isa = XCBuildConfiguration;
			buildSettings = {
				ASSETCATALOG_COMPILER_APPICON_NAME = AppIcon;
				CODE_SIGN_STYLE = Automatic;
				INFOPLIST_FILE = DemoGitFirst/Info.plist;
				LD_RUNPATH_SEARCH_PATHS = (
					"$(inherited)",
					"@executable_path/Frameworks",
				);
				PRODUCT_BUNDLE_IDENTIFIER = Swint.DemoGitFirst;
				PRODUCT_NAME = "$(TARGET_NAME)";
				SWIFT_VERSION = 5.0;
				TARGETED_DEVICE_FAMILY = "1,2";
			};
			name = Release;
		};
		B601BBD52475156200A0A37B /* Debug */ = {
			isa = XCBuildConfiguration;
			buildSettings = {
				ALWAYS_EMBED_SWIFT_STANDARD_LIBRARIES = YES;
				BUNDLE_LOADER = "$(TEST_HOST)";
				CODE_SIGN_STYLE = Automatic;
				INFOPLIST_FILE = DemoGitFirstTests/Info.plist;
				IPHONEOS_DEPLOYMENT_TARGET = 13.0;
				LD_RUNPATH_SEARCH_PATHS = (
					"$(inherited)",
					"@executable_path/Frameworks",
					"@loader_path/Frameworks",
				);
				PRODUCT_BUNDLE_IDENTIFIER = Swint.DemoGitFirstTests;
				PRODUCT_NAME = "$(TARGET_NAME)";
				SWIFT_VERSION = 5.0;
				TARGETED_DEVICE_FAMILY = "1,2";
				TEST_HOST = "$(BUILT_PRODUCTS_DIR)/DemoGitFirst.app/DemoGitFirst";
			};
			name = Debug;
		};
		B601BBD62475156200A0A37B /* Release */ = {
			isa = XCBuildConfiguration;
			buildSettings = {
				ALWAYS_EMBED_SWIFT_STANDARD_LIBRARIES = YES;
				BUNDLE_LOADER = "$(TEST_HOST)";
				CODE_SIGN_STYLE = Automatic;
				INFOPLIST_FILE = DemoGitFirstTests/Info.plist;
				IPHONEOS_DEPLOYMENT_TARGET = 13.0;
				LD_RUNPATH_SEARCH_PATHS = (
					"$(inherited)",
					"@executable_path/Frameworks",
					"@loader_path/Frameworks",
				);
				PRODUCT_BUNDLE_IDENTIFIER = Swint.DemoGitFirstTests;
				PRODUCT_NAME = "$(TARGET_NAME)";
				SWIFT_VERSION = 5.0;
				TARGETED_DEVICE_FAMILY = "1,2";
				TEST_HOST = "$(BUILT_PRODUCTS_DIR)/DemoGitFirst.app/DemoGitFirst";
			};
			name = Release;
		};
		B601BBD82475156200A0A37B /* Debug */ = {
			isa = XCBuildConfiguration;
			buildSettings = {
				ALWAYS_EMBED_SWIFT_STANDARD_LIBRARIES = YES;
				CODE_SIGN_STYLE = Automatic;
				INFOPLIST_FILE = DemoGitFirstUITests/Info.plist;
				LD_RUNPATH_SEARCH_PATHS = (
					"$(inherited)",
					"@executable_path/Frameworks",
					"@loader_path/Frameworks",
				);
				PRODUCT_BUNDLE_IDENTIFIER = Swint.DemoGitFirstUITests;
				PRODUCT_NAME = "$(TARGET_NAME)";
				SWIFT_VERSION = 5.0;
				TARGETED_DEVICE_FAMILY = "1,2";
				TEST_TARGET_NAME = DemoGitFirst;
			};
			name = Debug;
		};
		B601BBD92475156200A0A37B /* Release */ = {
			isa = XCBuildConfiguration;
			buildSettings = {
				ALWAYS_EMBED_SWIFT_STANDARD_LIBRARIES = YES;
				CODE_SIGN_STYLE = Automatic;
				INFOPLIST_FILE = DemoGitFirstUITests/Info.plist;
				LD_RUNPATH_SEARCH_PATHS = (
					"$(inherited)",
					"@executable_path/Frameworks",
					"@loader_path/Frameworks",
				);
				PRODUCT_BUNDLE_IDENTIFIER = Swint.DemoGitFirstUITests;
				PRODUCT_NAME = "$(TARGET_NAME)";
				SWIFT_VERSION = 5.0;
				TARGETED_DEVICE_FAMILY = "1,2";
				TEST_TARGET_NAME = DemoGitFirst;
			};
			name = Release;
		};
/* End XCBuildConfiguration section */

/* Begin XCConfigurationList section */
		B601BB9F2475155C00A0A37B /* Build configuration list for PBXProject "DemoGitFirst" */ = {
			isa = XCConfigurationList;
			buildConfigurations = (
				B601BBCF2475156200A0A37B /* Debug */,
				B601BBD02475156200A0A37B /* Release */,
			);
			defaultConfigurationIsVisible = 0;
			defaultConfigurationName = Release;
		};
		B601BBD12475156200A0A37B /* Build configuration list for PBXNativeTarget "DemoGitFirst" */ = {
			isa = XCConfigurationList;
			buildConfigurations = (
				B601BBD22475156200A0A37B /* Debug */,
				B601BBD32475156200A0A37B /* Release */,
			);
			defaultConfigurationIsVisible = 0;
			defaultConfigurationName = Release;
		};
		B601BBD42475156200A0A37B /* Build configuration list for PBXNativeTarget "DemoGitFirstTests" */ = {
			isa = XCConfigurationList;
			buildConfigurations = (
				B601BBD52475156200A0A37B /* Debug */,
				B601BBD62475156200A0A37B /* Release */,
			);
			defaultConfigurationIsVisible = 0;
			defaultConfigurationName = Release;
		};
		B601BBD72475156200A0A37B /* Build configuration list for PBXNativeTarget "DemoGitFirstUITests" */ = {
			isa = XCConfigurationList;
			buildConfigurations = (
				B601BBD82475156200A0A37B /* Debug */,
				B601BBD92475156200A0A37B /* Release */,
			);
			defaultConfigurationIsVisible = 0;
			defaultConfigurationName = Release;
		};
/* End XCConfigurationList section */

/* Begin XCVersionGroup section */
		B601BBB02475155D00A0A37B /* DemoGitFirst.xcdatamodeld */ = {
			isa = XCVersionGroup;
			children = (
				B601BBB12475155D00A0A37B /* DemoGitFirst.xcdatamodel */,
			);
			currentVersion = B601BBB12475155D00A0A37B /* DemoGitFirst.xcdatamodel */;
			path = DemoGitFirst.xcdatamodeld;
			sourceTree = "<group>";
			versionGroupType = wrapper.xcdatamodel;
		};
/* End XCVersionGroup section */
	};
	rootObject = B601BB9C2475155C00A0A37B /* Project object */;
}
